
Microsoft Visual Studio Solution File, Format Version 12.00
Project("{FAE04EC0-301F-11D3-BF4B-00C04F79EFBC}") = "Bichkov_Lab3", "Bichkov_Lab3\Bichkov_Lab3.csproj", "{3AB2B218-6A16-46F8-99F0-65F722C70D2B}"
EndProject
Global
	GlobalSection(SolutionConfigurationPlatforms) = preSolution
		Debug|Any CPU = Debug|Any CPU
		Release|Any CPU = Release|Any CPU
	EndGlobalSection
	GlobalSection(ProjectConfigurationPlatforms) = postSolution
		{3AB2B218-6A16-46F8-99F0-65F722C70D2B}.Debug|Any CPU.ActiveCfg = Debug|Any CPU
		{3AB2B218-6A16-46F8-99F0-65F722C70D2B}.Debug|Any CPU.Build.0 = Debug|Any CPU
		{3AB2B218-6A16-46F8-99F0-65F722C70D2B}.Release|Any CPU.ActiveCfg = Release|Any CPU
		{3AB2B218-6A16-46F8-99F0-65F722C70D2B}.Release|Any CPU.Build.0 = Release|Any CPU
	EndGlobalSection
EndGlobal
